header:
    version: 14
overrides:
    repos:
        oe-core:
            commit: d51c6e87a10c7c75a692ca86b71af9a818026ecb
        bitbake:
            commit: 7a3cb0d55e3698e883a9ff8491febc9d155482ca
        meta-arm:
            commit: 170b7e2a1c264c2f6360b4e298b16542196601af
        meta-openembedded:
            commit: ea7c7c4f2e21a0aadb53d1691de6d5a85dc11a8e
        meta-virtualization:
            commit: cbaa5b92b046a13585105713166c886cdfd5de33
        meta-audioreach:
            commit: 3f673ee6f52bfeda69205078a99e89cd501015b4
        meta-selinux:
            commit: 7351443c6579671bcf048817438f1740ad23eaab
        meta-updater:
            commit: 94ef61e04dc69e02874bdb8645de615d56f0b6a2
        meta-security:
            commit: 226839ac408223f8041cde1b1d8b762d6fbc8050
        meta-dpdk:
            commit: 6a59b0cd21084e33feb53b4f2d1310e49e1d4a83
        meta-ai:
            commit: 3511d6c9669683fc232211eb72e1549d6db6e660
