header:
    version: 14
overrides:
    repos:
        oe-core:
            commit: 187f1a5b8e61b0a09c617cd3ccc2e3fd1f6c42bd
        bitbake:
            commit: 634f8dede6b9d71b5a6691499fd05a8678b46eae
        meta-arm:
            commit: 02a2fa96623cf2559580d9695cdd57528503788d
        meta-openembedded:
            commit: 4ec8afbfcf4ce50d8a5273065214c9a8d5eca27a
        meta-virtualization:
            commit: 847867aa6be383eb2fe745aa3b74a432b81ecec4
        meta-audioreach:
            commit: 14472663943b37eea57da032dd4f14a497075d5f
        meta-selinux:
            commit: 7351443c6579671bcf048817438f1740ad23eaab
        meta-updater:
            commit: 136a98f50cc9bb3a2c945877ad42f384e49473e7
        meta-security:
            commit: 08d4b877fe1271b64f885364424391845c942561
        meta-dpdk:
            commit: ae55d9bc1aa08529f4c6c280c3c65c82f2eae81e
        meta-ai:
            commit: edb8536ca9d0ce9ffc03ce4ae9cee52861e15616
