header:
    version: 14
overrides:
    repos:
        oe-core:
            commit: ace4d721578b8bbb217d760ee86171009d2efc7c
        bitbake:
            commit: c6a1288cb15171297c5607a8f6f6c01595ba8b8e
        meta-arm:
            commit: 86b180b091c0bd595a31fe11fb5e2677a5bfd790
        meta-openembedded:
            commit: 7af0bdb0fec638be67d8fe4e655f026e0d08a312
        meta-virtualization:
            commit: f45cc3787c11d040dbef8e7f956a4da420375829
        meta-audioreach:
            commit: 3f673ee6f52bfeda69205078a99e89cd501015b4
        meta-selinux:
            commit: 7351443c6579671bcf048817438f1740ad23eaab
        meta-updater:
            commit: c6266761a5a62eba1695fe9bf7bdfa4a414c00c2
        meta-security:
            commit: 226839ac408223f8041cde1b1d8b762d6fbc8050
        meta-dpdk:
            commit: 6a59b0cd21084e33feb53b4f2d1310e49e1d4a83
        meta-ai:
            commit: 3511d6c9669683fc232211eb72e1549d6db6e660
